
Microsoft Visual Studio Solution File, Format Version 12.00
# Visual Studio 15
VisualStudioVersion = 15.0.28307.645
MinimumVisualStudioVersion = 10.0.40219.1
Project("{9A19103F-16F7-4668-BE54-9A1E7A4F7556}") = "SimpleMapper", "SimpleMapper\SimpleMapper.csproj", "{E82A2A6E-E21C-4249-9836-BE6D2AC97848}"
EndProject
Project("{FAE04EC0-301F-11D3-BF4B-00C04F79EFBC}") = "SimpleMapper.Tests", "SimpleMapper.Tests\SimpleMapper.Tests.csproj", "{C03FE76B-880A-4A60-94A5-D48B20500146}"
EndProject
Global
	GlobalSection(SolutionConfigurationPlatforms) = preSolution
		Debug|Any CPU = Debug|Any CPU
		Release|Any CPU = Release|Any CPU
	EndGlobalSection
	GlobalSection(ProjectConfigurationPlatforms) = postSolution
		{E82A2A6E-E21C-4249-9836-BE6D2AC97848}.Debug|Any CPU.ActiveCfg = Debug|Any CPU
		{E82A2A6E-E21C-4249-9836-BE6D2AC97848}.Debug|Any CPU.Build.0 = Debug|Any CPU
		{E82A2A6E-E21C-4249-9836-BE6D2AC97848}.Release|Any CPU.ActiveCfg = Release|Any CPU
		{E82A2A6E-E21C-4249-9836-BE6D2AC97848}.Release|Any CPU.Build.0 = Release|Any CPU
		{C03FE76B-880A-4A60-94A5-D48B20500146}.Debug|Any CPU.ActiveCfg = Debug|Any CPU
		{C03FE76B-880A-4A60-94A5-D48B20500146}.Debug|Any CPU.Build.0 = Debug|Any CPU
		{C03FE76B-880A-4A60-94A5-D48B20500146}.Release|Any CPU.ActiveCfg = Release|Any CPU
		{C03FE76B-880A-4A60-94A5-D48B20500146}.Release|Any CPU.Build.0 = Release|Any CPU
	EndGlobalSection
	GlobalSection(SolutionProperties) = preSolution
		HideSolutionNode = FALSE
	EndGlobalSection
	GlobalSection(ExtensibilityGlobals) = postSolution
		SolutionGuid = {B493373B-51DC-4792-9FF1-007AF26885B2}
	EndGlobalSection
EndGlobal
